
Microsoft Visual Studio Solution File, Format Version 12.00
# Visual Studio Version 17
VisualStudioVersion = 17.9.34723.18
MinimumVisualStudioVersion = 10.0.40219.1
Project("{FAE04EC0-301F-11D3-BF4B-00C04F79EFBC}") = "MinecraftTropicalFishGen", "MinecraftTropicalFishGen.csproj", "{B41D8E82-6FEA-4D88-BD41-B41A1AE1D75D}"
EndProject
Global
	GlobalSection(SolutionConfigurationPlatforms) = preSolution
		Debug|Any CPU = Debug|Any CPU
		Release|Any CPU = Release|Any CPU
	EndGlobalSection
	GlobalSection(ProjectConfigurationPlatforms) = postSolution
		{B41D8E82-6FEA-4D88-BD41-B41A1AE1D75D}.Debug|Any CPU.ActiveCfg = Debug|Any CPU
		{B41D8E82-6FEA-4D88-BD41-B41A1AE1D75D}.Debug|Any CPU.Build.0 = Debug|Any CPU
		{B41D8E82-6FEA-4D88-BD41-B41A1AE1D75D}.Release|Any CPU.ActiveCfg = Release|Any CPU
		{B41D8E82-6FEA-4D88-BD41-B41A1AE1D75D}.Release|Any CPU.Build.0 = Release|Any CPU
	EndGlobalSection
	GlobalSection(SolutionProperties) = preSolution
		HideSolutionNode = FALSE
	EndGlobalSection
	GlobalSection(ExtensibilityGlobals) = postSolution
		SolutionGuid = {28C586AF-8581-4D04-A5BB-7A59BE8B65CA}
	EndGlobalSection
EndGlobal
